
Microsoft Visual Studio Solution File, Format Version 12.00
# Visual Studio Version 16
VisualStudioVersion = 16.0.31410.357
MinimumVisualStudioVersion = 10.0.40219.1
Project("{FAE04EC0-301F-11D3-BF4B-00C04F79EFBC}") = "JobAIsistant", "JobAIsistant.csproj", "{188F41FB-1433-44B7-A7F5-07406024186B}"
EndProject
Global
	GlobalSection(SolutionConfigurationPlatforms) = preSolution
		Debug|Any CPU = Debug|Any CPU
		Release|Any CPU = Release|Any CPU
	EndGlobalSection
	GlobalSection(ProjectConfigurationPlatforms) = postSolution
		{188F41FB-1433-44B7-A7F5-07406024186B}.Debug|Any CPU.ActiveCfg = Debug|Any CPU
		{188F41FB-1433-44B7-A7F5-07406024186B}.Debug|Any CPU.Build.0 = Debug|Any CPU
		{188F41FB-1433-44B7-A7F5-07406024186B}.Release|Any CPU.ActiveCfg = Release|Any CPU
		{188F41FB-1433-44B7-A7F5-07406024186B}.Release|Any CPU.Build.0 = Release|Any CPU
	EndGlobalSection
	GlobalSection(SolutionProperties) = preSolution
		HideSolutionNode = FALSE
	EndGlobalSection
	GlobalSection(ExtensibilityGlobals) = postSolution
		SolutionGuid = {5401C790-E7A9-4C66-B843-E84B9156B16A}
	EndGlobalSection
EndGlobal
